// !$*UTF8*$!
{
	archiveVersion = 1;
	classes = {
	};
	objectVersion = 77;
	objects = {

/* Begin PBXContainerItemProxy section */
		49D080E52CC4A3A400E3A34D /* PBXContainerItemProxy */ = {
			isa = PBXContainerItemProxy;
			containerPortal = 49D080CC2CC4A3A000E3A34D /* Project object */;
			proxyType = 1;
			remoteGlobalIDString = 49D080D32CC4A3A000E3A34D;
			remoteInfo = LiDARto3DSound;
		};
		49D080EF2CC4A3A400E3A34D /* PBXContainerItemProxy */ = {
			isa = PBXContainerItemProxy;
			containerPortal = 49D080CC2CC4A3A000E3A34D /* Project object */;
			proxyType = 1;
			remoteGlobalIDString = 49D080D32CC4A3A000E3A34D;
			remoteInfo = LiDARto3DSound;
		};
/* End PBXContainerItemProxy section */

/* Begin PBXFileReference section */
		49D080D42CC4A3A000E3A34D /* LiDARto3DSound.app */ = {isa = PBXFileReference; explicitFileType = wrapper.application; includeInIndex = 0; path = LiDARto3DSound.app; sourceTree = BUILT_PRODUCTS_DIR; };
		49D080E42CC4A3A400E3A34D /* LiDARto3DSoundTests.xctest */ = {isa = PBXFileReference; explicitFileType = wrapper.cfbundle; includeInIndex = 0; path = LiDARto3DSoundTests.xctest; sourceTree = BUILT_PRODUCTS_DIR; };
		49D080EE2CC4A3A400E3A34D /* LiDARto3DSoundUITests.xctest */ = {isa = PBXFileReference; explicitFileType = wrapper.cfbundle; includeInIndex = 0; path = LiDARto3DSoundUITests.xctest; sourceTree = BUILT_PRODUCTS_DIR; };
/* End PBXFileReference section */

/* Begin PBXFileSystemSynchronizedRootGroup section */
		49D080D62CC4A3A000E3A34D /* LiDARto3DSound */ = {
			isa = PBXFileSystemSynchronizedRootGroup;
			path = LiDARto3DSound;
			sourceTree = "<group>";
		};
		49D080E72CC4A3A400E3A34D /* LiDARto3DSoundTests */ = {
			isa = PBXFileSystemSynchronizedRootGroup;
			path = LiDARto3DSoundTests;
			sourceTree = "<group>";
		};
		49D080F12CC4A3A400E3A34D /* LiDARto3DSoundUITests */ = {
			isa = PBXFileSystemSynchronizedRootGroup;
			path = LiDARto3DSoundUITests;
			sourceTree = "<group>";
		};
/* End PBXFileSystemSynchronizedRootGroup section */

/* Begin PBXFrameworksBuildPhase section */
		49D080D12CC4A3A000E3A34D /* Frameworks */ = {
			isa = PBXFrameworksBuildPhase;
			buildActionMask = 2147483647;
			files = (
			);
			runOnlyForDeploymentPostprocessing = 0;
		};
		49D080E12CC4A3A400E3A34D /* Frameworks */ = {
			isa = PBXFrameworksBuildPhase;
			buildActionMask = 2147483647;
			files = (
			);
			runOnlyForDeploymentPostprocessing = 0;
		};
		49D080EB2CC4A3A400E3A34D /* Frameworks */ = {
			isa = PBXFrameworksBuildPhase;
			buildActionMask = 2147483647;
			files = (
			);
			runOnlyForDeploymentPostprocessing = 0;
		};
/* End PBXFrameworksBuildPhase section */

/* Begin PBXGroup section */
		49D080CB2CC4A3A000E3A34D = {
			isa = PBXGroup;
			children = (
				49D080D62CC4A3A000E3A34D /* LiDARto3DSound */,
				49D080E72CC4A3A400E3A34D /* LiDARto3DSoundTests */,
				49D080F12CC4A3A400E3A34D /* LiDARto3DSoundUITests */,
				49D080D52CC4A3A000E3A34D /* Products */,
			);
			sourceTree = "<group>";
		};
		49D080D52CC4A3A000E3A34D /* Products */ = {
			isa = PBXGroup;
			children = (
				49D080D42CC4A3A000E3A34D /* LiDARto3DSound.app */,
				49D080E42CC4A3A400E3A34D /* LiDARto3DSoundTests.xctest */,
				49D080EE2CC4A3A400E3A34D /* LiDARto3DSoundUITests.xctest */,
			);
			name = Products;
			sourceTree = "<group>";
		};
/* End PBXGroup section */

/* Begin PBXNativeTarget section */
		49D080D32CC4A3A000E3A34D /* LiDARto3DSound */ = {
			isa = PBXNativeTarget;
			buildConfigurationList = 49D080F82CC4A3A500E3A34D /* Build configuration list for PBXNativeTarget "LiDARto3DSound" */;
			buildPhases = (
				49D080D02CC4A3A000E3A34D /* Sources */,
				49D080D12CC4A3A000E3A34D /* Frameworks */,
				49D080D22CC4A3A000E3A34D /* Resources */,
			);
			buildRules = (
			);
			dependencies = (
			);
			fileSystemSynchronizedGroups = (
				49D080D62CC4A3A000E3A34D /* LiDARto3DSound */,
			);
			name = LiDARto3DSound;
			packageProductDependencies = (
			);
			productName = LiDARto3DSound;
			productReference = 49D080D42CC4A3A000E3A34D /* LiDARto3DSound.app */;
			productType = "com.apple.product-type.application";
		};
		49D080E32CC4A3A400E3A34D /* LiDARto3DSoundTests */ = {
			isa = PBXNativeTarget;
			buildConfigurationList = 49D080FB2CC4A3A500E3A34D /* Build configuration list for PBXNativeTarget "LiDARto3DSoundTests" */;
			buildPhases = (
				49D080E02CC4A3A400E3A34D /* Sources */,
				49D080E12CC4A3A400E3A34D /* Frameworks */,
				49D080E22CC4A3A400E3A34D /* Resources */,
			);
			buildRules = (
			);
			dependencies = (
				49D080E62CC4A3A400E3A34D /* PBXTargetDependency */,
			);
			fileSystemSynchronizedGroups = (
				49D080E72CC4A3A400E3A34D /* LiDARto3DSoundTests */,
			);
			name = LiDARto3DSoundTests;
			packageProductDependencies = (
			);
			productName = LiDARto3DSoundTests;
			productReference = 49D080E42CC4A3A400E3A34D /* LiDARto3DSoundTests.xctest */;
			productType = "com.apple.product-type.bundle.unit-test";
		};
		49D080ED2CC4A3A400E3A34D /* LiDARto3DSoundUITests */ = {
			isa = PBXNativeTarget;
			buildConfigurationList = 49D080FE2CC4A3A500E3A34D /* Build configuration list for PBXNativeTarget "LiDARto3DSoundUITests" */;
			buildPhases = (
				49D080EA2CC4A3A400E3A34D /* Sources */,
				49D080EB2CC4A3A400E3A34D /* Frameworks */,
				49D080EC2CC4A3A400E3A34D /* Resources */,
			);
			buildRules = (
			);
			dependencies = (
				49D080F02CC4A3A400E3A34D /* PBXTargetDependency */,
			);
			fileSystemSynchronizedGroups = (
				49D080F12CC4A3A400E3A34D /* LiDARto3DSoundUITests */,
			);
			name = LiDARto3DSoundUITests;
			packageProductDependencies = (
			);
			productName = LiDARto3DSoundUITests;
			productReference = 49D080EE2CC4A3A400E3A34D /* LiDARto3DSoundUITests.xctest */;
			productType = "com.apple.product-type.bundle.ui-testing";
		};
/* End PBXNativeTarget section */

/* Begin PBXProject section */
		49D080CC2CC4A3A000E3A34D /* Project object */ = {
			isa = PBXProject;
			attributes = {
				BuildIndependentTargetsInParallel = 1;
				LastSwiftUpdateCheck = 1600;
				LastUpgradeCheck = 1600;
				TargetAttributes = {
					49D080D32CC4A3A000E3A34D = {
						CreatedOnToolsVersion = 16.0;
					};
					49D080E32CC4A3A400E3A34D = {
						CreatedOnToolsVersion = 16.0;
						TestTargetID = 49D080D32CC4A3A000E3A34D;
					};
					49D080ED2CC4A3A400E3A34D = {
						CreatedOnToolsVersion = 16.0;
						TestTargetID = 49D080D32CC4A3A000E3A34D;
					};
				};
			};
			buildConfigurationList = 49D080CF2CC4A3A000E3A34D /* Build configuration list for PBXProject "LiDARto3DSound" */;
			developmentRegion = en;
			hasScannedForEncodings = 0;
			knownRegions = (
				en,
				Base,
			);
			mainGroup = 49D080CB2CC4A3A000E3A34D;
			minimizedProjectReferenceProxies = 1;
			preferredProjectObjectVersion = 77;
			productRefGroup = 49D080D52CC4A3A000E3A34D /* Products */;
			projectDirPath = "";
			projectRoot = "";
			targets = (
				49D080D32CC4A3A000E3A34D /* LiDARto3DSound */,
				49D080E32CC4A3A400E3A34D /* LiDARto3DSoundTests */,
				49D080ED2CC4A3A400E3A34D /* LiDARto3DSoundUITests */,
			);
		};
/* End PBXProject section */

/* Begin PBXResourcesBuildPhase section */
		49D080D22CC4A3A000E3A34D /* Resources */ = {
			isa = PBXResourcesBuildPhase;
			buildActionMask = 2147483647;
			files = (
			);
			runOnlyForDeploymentPostprocessing = 0;
		};
		49D080E22CC4A3A400E3A34D /* Resources */ = {
			isa = PBXResourcesBuildPhase;
			buildActionMask = 2147483647;
			files = (
			);
			runOnlyForDeploymentPostprocessing = 0;
		};
		49D080EC2CC4A3A400E3A34D /* Resources */ = {
			isa = PBXResourcesBuildPhase;
			buildActionMask = 2147483647;
			files = (
			);
			runOnlyForDeploymentPostprocessing = 0;
		};
/* End PBXResourcesBuildPhase section */

/* Begin PBXSourcesBuildPhase section */
		49D080D02CC4A3A000E3A34D /* Sources */ = {
			isa = PBXSourcesBuildPhase;
			buildActionMask = 2147483647;
			files = (
			);
			runOnlyForDeploymentPostprocessing = 0;
		};
		49D080E02CC4A3A400E3A34D /* Sources */ = {
			isa = PBXSourcesBuildPhase;
			buildActionMask = 2147483647;
			files = (
			);
			runOnlyForDeploymentPostprocessing = 0;
		};
		49D080EA2CC4A3A400E3A34D /* Sources */ = {
			isa = PBXSourcesBuildPhase;
			buildActionMask = 2147483647;
			files = (
			);
			runOnlyForDeploymentPostprocessing = 0;
		};
/* End PBXSourcesBuildPhase section */

/* Begin PBXTargetDependency section */
		49D080E62CC4A3A400E3A34D /* PBXTargetDependency */ = {
			isa = PBXTargetDependency;
			target = 49D080D32CC4A3A000E3A34D /* LiDARto3DSound */;
			targetProxy = 49D080E52CC4A3A400E3A34D /* PBXContainerItemProxy */;
		};
		49D080F02CC4A3A400E3A34D /* PBXTargetDependency */ = {
			isa = PBXTargetDependency;
			target = 49D080D32CC4A3A000E3A34D /* LiDARto3DSound */;
			targetProxy = 49D080EF2CC4A3A400E3A34D /* PBXContainerItemProxy */;
		};
/* End PBXTargetDependency section */

/* Begin XCBuildConfiguration section */
		49D080F62CC4A3A400E3A34D /* Debug */ = {
			isa = XCBuildConfiguration;
			buildSettings = {
				ALWAYS_SEARCH_USER_PATHS = NO;
				ASSETCATALOG_COMPILER_GENERATE_SWIFT_ASSET_SYMBOL_EXTENSIONS = YES;
				CLANG_ANALYZER_NONNULL = YES;
				CLANG_ANALYZER_NUMBER_OBJECT_CONVERSION = YES_AGGRESSIVE;
				CLANG_CXX_LANGUAGE_STANDARD = "gnu++20";
				CLANG_ENABLE_MODULES = YES;
				CLANG_ENABLE_OBJC_ARC = YES;
				CLANG_ENABLE_OBJC_WEAK = YES;
				CLANG_WARN_BLOCK_CAPTURE_AUTORELEASING = YES;
				CLANG_WARN_BOOL_CONVERSION = YES;
				CLANG_WARN_COMMA = YES;
				CLANG_WARN_CONSTANT_CONVERSION = YES;
				CLANG_WARN_DEPRECATED_OBJC_IMPLEMENTATIONS = YES;
				CLANG_WARN_DIRECT_OBJC_ISA_USAGE = YES_ERROR;
				CLANG_WARN_DOCUMENTATION_COMMENTS = YES;
				CLANG_WARN_EMPTY_BODY = YES;
				CLANG_WARN_ENUM_CONVERSION = YES;
				CLANG_WARN_INFINITE_RECURSION = YES;
				CLANG_WARN_INT_CONVERSION = YES;
				CLANG_WARN_NON_LITERAL_NULL_CONVERSION = YES;
				CLANG_WARN_OBJC_IMPLICIT_RETAIN_SELF = YES;
				CLANG_WARN_OBJC_LITERAL_CONVERSION = YES;
				CLANG_WARN_OBJC_ROOT_CLASS = YES_ERROR;
				CLANG_WARN_QUOTED_INCLUDE_IN_FRAMEWORK_HEADER = YES;
				CLANG_WARN_RANGE_LOOP_ANALYSIS = YES;
				CLANG_WARN_STRICT_PROTOTYPES = YES;
				CLANG_WARN_SUSPICIOUS_MOVE = YES;
				CLANG_WARN_UNGUARDED_AVAILABILITY = YES_AGGRESSIVE;
				CLANG_WARN_UNREACHABLE_CODE = YES;
				CLANG_WARN__DUPLICATE_METHOD_MATCH = YES;
				COPY_PHASE_STRIP = NO;
				DEBUG_INFORMATION_FORMAT = dwarf;
				ENABLE_STRICT_OBJC_MSGSEND = YES;
				ENABLE_TESTABILITY = YES;
				ENABLE_USER_SCRIPT_SANDBOXING = YES;
				GCC_C_LANGUAGE_STANDARD = gnu17;
				GCC_DYNAMIC_NO_PIC = NO;
				GCC_NO_COMMON_BLOCKS = YES;
				GCC_OPTIMIZATION_LEVEL = 0;
				GCC_PREPROCESSOR_DEFINITIONS = (
					"DEBUG=1",
					"$(inherited)",
				);
				GCC_WARN_64_TO_32_BIT_CONVERSION = YES;
				GCC_WARN_ABOUT_RETURN_TYPE = YES_ERROR;
				GCC_WARN_UNDECLARED_SELECTOR = YES;
				GCC_WARN_UNINITIALIZED_AUTOS = YES_AGGRESSIVE;
				GCC_WARN_UNUSED_FUNCTION = YES;
				GCC_WARN_UNUSED_VARIABLE = YES;
				IPHONEOS_DEPLOYMENT_TARGET = 18.0;
				LOCALIZATION_PREFERS_STRING_CATALOGS = YES;
				MTL_ENABLE_DEBUG_INFO = INCLUDE_SOURCE;
				MTL_FAST_MATH = YES;
				ONLY_ACTIVE_ARCH = YES;
				SDKROOT = iphoneos;
				SWIFT_ACTIVE_COMPILATION_CONDITIONS = "DEBUG $(inherited)";
				SWIFT_OPTIMIZATION_LEVEL = "-Onone";
			};
			name = Debug;
		};
		49D080F72CC4A3A400E3A34D /* Release */ = {
			isa = XCBuildConfiguration;
			buildSettings = {
				ALWAYS_SEARCH_USER_PATHS = NO;
				ASSETCATALOG_COMPILER_GENERATE_SWIFT_ASSET_SYMBOL_EXTENSIONS = YES;
				CLANG_ANALYZER_NONNULL = YES;
				CLANG_ANALYZER_NUMBER_OBJECT_CONVERSION = YES_AGGRESSIVE;
				CLANG_CXX_LANGUAGE_STANDARD = "gnu++20";
				CLANG_ENABLE_MODULES = YES;
				CLANG_ENABLE_OBJC_ARC = YES;
				CLANG_ENABLE_OBJC_WEAK = YES;
				CLANG_WARN_BLOCK_CAPTURE_AUTORELEASING = YES;
				CLANG_WARN_BOOL_CONVERSION = YES;
				CLANG_WARN_COMMA = YES;
				CLANG_WARN_CONSTANT_CONVERSION = YES;
				CLANG_WARN_DEPRECATED_OBJC_IMPLEMENTATIONS = YES;
				CLANG_WARN_DIRECT_OBJC_ISA_USAGE = YES_ERROR;
				CLANG_WARN_DOCUMENTATION_COMMENTS = YES;
				CLANG_WARN_EMPTY_BODY = YES;
				CLANG_WARN_ENUM_CONVERSION = YES;
				CLANG_WARN_INFINITE_RECURSION = YES;
				CLANG_WARN_INT_CONVERSION = YES;
				CLANG_WARN_NON_LITERAL_NULL_CONVERSION = YES;
				CLANG_WARN_OBJC_IMPLICIT_RETAIN_SELF = YES;
				CLANG_WARN_OBJC_LITERAL_CONVERSION = YES;
				CLANG_WARN_OBJC_ROOT_CLASS = YES_ERROR;
				CLANG_WARN_QUOTED_INCLUDE_IN_FRAMEWORK_HEADER = YES;
				CLANG_WARN_RANGE_LOOP_ANALYSIS = YES;
				CLANG_WARN_STRICT_PROTOTYPES = YES;
				CLANG_WARN_SUSPICIOUS_MOVE = YES;
				CLANG_WARN_UNGUARDED_AVAILABILITY = YES_AGGRESSIVE;
				CLANG_WARN_UNREACHABLE_CODE = YES;
				CLANG_WARN__DUPLICATE_METHOD_MATCH = YES;
				COPY_PHASE_STRIP = NO;
				DEBUG_INFORMATION_FORMAT = "dwarf-with-dsym";
				ENABLE_NS_ASSERTIONS = NO;
				ENABLE_STRICT_OBJC_MSGSEND = YES;
				ENABLE_USER_SCRIPT_SANDBOXING = YES;
				GCC_C_LANGUAGE_STANDARD = gnu17;
				GCC_NO_COMMON_BLOCKS = YES;
				GCC_WARN_64_TO_32_BIT_CONVERSION = YES;
				GCC_WARN_ABOUT_RETURN_TYPE = YES_ERROR;
				GCC_WARN_UNDECLARED_SELECTOR = YES;
				GCC_WARN_UNINITIALIZED_AUTOS = YES_AGGRESSIVE;
				GCC_WARN_UNUSED_FUNCTION = YES;
				GCC_WARN_UNUSED_VARIABLE = YES;
				IPHONEOS_DEPLOYMENT_TARGET = 18.0;
				LOCALIZATION_PREFERS_STRING_CATALOGS = YES;
				MTL_ENABLE_DEBUG_INFO = NO;
				MTL_FAST_MATH = YES;
				SDKROOT = iphoneos;
				SWIFT_COMPILATION_MODE = wholemodule;
				VALIDATE_PRODUCT = YES;
			};
			name = Release;
		};
		49D080F92CC4A3A500E3A34D /* Debug */ = {
			isa = XCBuildConfiguration;
			buildSettings = {
				ASSETCATALOG_COMPILER_APPICON_NAME = AppIcon;
				ASSETCATALOG_COMPILER_GLOBAL_ACCENT_COLOR_NAME = AccentColor;
				CODE_SIGN_STYLE = Automatic;
				CURRENT_PROJECT_VERSION = 1;
				DEVELOPMENT_ASSET_PATHS = "\"LiDARto3DSound/Preview Content\"";
				DEVELOPMENT_TEAM = 888ZTUMR3Q;
				ENABLE_PREVIEWS = YES;
				GENERATE_INFOPLIST_FILE = YES;
				INFOPLIST_KEY_UIApplicationSceneManifest_Generation = YES;
				INFOPLIST_KEY_UIApplicationSupportsIndirectInputEvents = YES;
				INFOPLIST_KEY_UILaunchScreen_Generation = YES;
				INFOPLIST_KEY_UISupportedInterfaceOrientations_iPad = "UIInterfaceOrientationPortrait UIInterfaceOrientationPortraitUpsideDown UIInterfaceOrientationLandscapeLeft UIInterfaceOrientationLandscapeRight";
				INFOPLIST_KEY_UISupportedInterfaceOrientations_iPhone = "UIInterfaceOrientationPortrait UIInterfaceOrientationLandscapeLeft UIInterfaceOrientationLandscapeRight";
				LD_RUNPATH_SEARCH_PATHS = (
					"$(inherited)",
					"@executable_path/Frameworks",
				);
				MARKETING_VERSION = 1.0;
				PRODUCT_BUNDLE_IDENTIFIER = capstone.LiDARto3DSound;
				PRODUCT_NAME = "$(TARGET_NAME)";
				SWIFT_EMIT_LOC_STRINGS = YES;
				SWIFT_VERSION = 5.0;
				TARGETED_DEVICE_FAMILY = "1,2";
			};
			name = Debug;
		};
		49D080FA2CC4A3A500E3A34D /* Release */ = {
			isa = XCBuildConfiguration;
			buildSettings = {
				ASSETCATALOG_COMPILER_APPICON_NAME = AppIcon;
				ASSETCATALOG_COMPILER_GLOBAL_ACCENT_COLOR_NAME = AccentColor;
				CODE_SIGN_STYLE = Automatic;
				CURRENT_PROJECT_VERSION = 1;
				DEVELOPMENT_ASSET_PATHS = "\"LiDARto3DSound/Preview Content\"";
				DEVELOPMENT_TEAM = 888ZTUMR3Q;
				ENABLE_PREVIEWS = YES;
				GENERATE_INFOPLIST_FILE = YES;
				INFOPLIST_KEY_UIApplicationSceneManifest_Generation = YES;
				INFOPLIST_KEY_UIApplicationSupportsIndirectInputEvents = YES;
				INFOPLIST_KEY_UILaunchScreen_Generation = YES;
				INFOPLIST_KEY_UISupportedInterfaceOrientations_iPad = "UIInterfaceOrientationPortrait UIInterfaceOrientationPortraitUpsideDown UIInterfaceOrientationLandscapeLeft UIInterfaceOrientationLandscapeRight";
				INFOPLIST_KEY_UISupportedInterfaceOrientations_iPhone = "UIInterfaceOrientationPortrait UIInterfaceOrientationLandscapeLeft UIInterfaceOrientationLandscapeRight";
				LD_RUNPATH_SEARCH_PATHS = (
					"$(inherited)",
					"@executable_path/Frameworks",
				);
				MARKETING_VERSION = 1.0;
				PRODUCT_BUNDLE_IDENTIFIER = capstone.LiDARto3DSound;
				PRODUCT_NAME = "$(TARGET_NAME)";
				SWIFT_EMIT_LOC_STRINGS = YES;
				SWIFT_VERSION = 5.0;
				TARGETED_DEVICE_FAMILY = "1,2";
			};
			name = Release;
		};
		49D080FC2CC4A3A500E3A34D /* Debug */ = {
			isa = XCBuildConfiguration;
			buildSettings = {
				BUNDLE_LOADER = "$(TEST_HOST)";
				CODE_SIGN_STYLE = Automatic;
				CURRENT_PROJECT_VERSION = 1;
				GENERATE_INFOPLIST_FILE = YES;
				IPHONEOS_DEPLOYMENT_TARGET = 18.0;
				MARKETING_VERSION = 1.0;
				PRODUCT_BUNDLE_IDENTIFIER = capstone.LiDARto3DSoundTests;
				PRODUCT_NAME = "$(TARGET_NAME)";
				SWIFT_EMIT_LOC_STRINGS = NO;
				SWIFT_VERSION = 5.0;
				TARGETED_DEVICE_FAMILY = "1,2";
				TEST_HOST = "$(BUILT_PRODUCTS_DIR)/LiDARto3DSound.app/$(BUNDLE_EXECUTABLE_FOLDER_PATH)/LiDARto3DSound";
			};
			name = Debug;
		};
		49D080FD2CC4A3A500E3A34D /* Release */ = {
			isa = XCBuildConfiguration;
			buildSettings = {
				BUNDLE_LOADER = "$(TEST_HOST)";
				CODE_SIGN_STYLE = Automatic;
				CURRENT_PROJECT_VERSION = 1;
				GENERATE_INFOPLIST_FILE = YES;
				IPHONEOS_DEPLOYMENT_TARGET = 18.0;
				MARKETING_VERSION = 1.0;
				PRODUCT_BUNDLE_IDENTIFIER = capstone.LiDARto3DSoundTests;
				PRODUCT_NAME = "$(TARGET_NAME)";
				SWIFT_EMIT_LOC_STRINGS = NO;
				SWIFT_VERSION = 5.0;
				TARGETED_DEVICE_FAMILY = "1,2";
				TEST_HOST = "$(BUILT_PRODUCTS_DIR)/LiDARto3DSound.app/$(BUNDLE_EXECUTABLE_FOLDER_PATH)/LiDARto3DSound";
			};
			name = Release;
		};
		49D080FF2CC4A3A500E3A34D /* Debug */ = {
			isa = XCBuildConfiguration;
			buildSettings = {
				CODE_SIGN_STYLE = Automatic;
				CURRENT_PROJECT_VERSION = 1;
				GENERATE_INFOPLIST_FILE = YES;
				MARKETING_VERSION = 1.0;
				PRODUCT_BUNDLE_IDENTIFIER = capstone.LiDARto3DSoundUITests;
				PRODUCT_NAME = "$(TARGET_NAME)";
				SWIFT_EMIT_LOC_STRINGS = NO;
				SWIFT_VERSION = 5.0;
				TARGETED_DEVICE_FAMILY = "1,2";
				TEST_TARGET_NAME = LiDARto3DSound;
			};
			name = Debug;
		};
		49D081002CC4A3A500E3A34D /* Release */ = {
			isa = XCBuildConfiguration;
			buildSettings = {
				CODE_SIGN_STYLE = Automatic;
				CURRENT_PROJECT_VERSION = 1;
				GENERATE_INFOPLIST_FILE = YES;
				MARKETING_VERSION = 1.0;
				PRODUCT_BUNDLE_IDENTIFIER = capstone.LiDARto3DSoundUITests;
				PRODUCT_NAME = "$(TARGET_NAME)";
				SWIFT_EMIT_LOC_STRINGS = NO;
				SWIFT_VERSION = 5.0;
				TARGETED_DEVICE_FAMILY = "1,2";
				TEST_TARGET_NAME = LiDARto3DSound;
			};
			name = Release;
		};
/* End XCBuildConfiguration section */

/* Begin XCConfigurationList section */
		49D080CF2CC4A3A000E3A34D /* Build configuration list for PBXProject "LiDARto3DSound" */ = {
			isa = XCConfigurationList;
			buildConfigurations = (
				49D080F62CC4A3A400E3A34D /* Debug */,
				49D080F72CC4A3A400E3A34D /* Release */,
			);
			defaultConfigurationIsVisible = 0;
			defaultConfigurationName = Release;
		};
		49D080F82CC4A3A500E3A34D /* Build configuration list for PBXNativeTarget "LiDARto3DSound" */ = {
			isa = XCConfigurationList;
			buildConfigurations = (
				49D080F92CC4A3A500E3A34D /* Debug */,
				49D080FA2CC4A3A500E3A34D /* Release */,
			);
			defaultConfigurationIsVisible = 0;
			defaultConfigurationName = Release;
		};
		49D080FB2CC4A3A500E3A34D /* Build configuration list for PBXNativeTarget "LiDARto3DSoundTests" */ = {
			isa = XCConfigurationList;
			buildConfigurations = (
				49D080FC2CC4A3A500E3A34D /* Debug */,
				49D080FD2CC4A3A500E3A34D /* Release */,
			);
			defaultConfigurationIsVisible = 0;
			defaultConfigurationName = Release;
		};
		49D080FE2CC4A3A500E3A34D /* Build configuration list for PBXNativeTarget "LiDARto3DSoundUITests" */ = {
			isa = XCConfigurationList;
			buildConfigurations = (
				49D080FF2CC4A3A500E3A34D /* Debug */,
				49D081002CC4A3A500E3A34D /* Release */,
			);
			defaultConfigurationIsVisible = 0;
			defaultConfigurationName = Release;
		};
/* End XCConfigurationList section */
	};
	rootObject = 49D080CC2CC4A3A000E3A34D /* Project object */;
}
